
Microsoft Visual Studio Solution File, Format Version 12.00
# Visual Studio Version 17
VisualStudioVersion = 17.7.34031.279
MinimumVisualStudioVersion = 10.0.40219.1
Project("{FAE04EC0-301F-11D3-BF4B-00C04F79EFBC}") = "SpecFlowProject1Demo", "SpecFlowProject1Demo.csproj", "{2B46944C-62ED-467E-A74F-6E29A3027691}"
EndProject
Global
	GlobalSection(SolutionConfigurationPlatforms) = preSolution
		Debug|Any CPU = Debug|Any CPU
		Release|Any CPU = Release|Any CPU
	EndGlobalSection
	GlobalSection(ProjectConfigurationPlatforms) = postSolution
		{2B46944C-62ED-467E-A74F-6E29A3027691}.Debug|Any CPU.ActiveCfg = Debug|Any CPU
		{2B46944C-62ED-467E-A74F-6E29A3027691}.Debug|Any CPU.Build.0 = Debug|Any CPU
		{2B46944C-62ED-467E-A74F-6E29A3027691}.Release|Any CPU.ActiveCfg = Release|Any CPU
		{2B46944C-62ED-467E-A74F-6E29A3027691}.Release|Any CPU.Build.0 = Release|Any CPU
	EndGlobalSection
	GlobalSection(SolutionProperties) = preSolution
		HideSolutionNode = FALSE
	EndGlobalSection
	GlobalSection(ExtensibilityGlobals) = postSolution
		SolutionGuid = {3AABC824-E538-402B-9141-8F86443D177F}
	EndGlobalSection
EndGlobal
